
Microsoft Visual Studio Solution File, Format Version 12.00
# Visual Studio Version 16
VisualStudioVersion = 16.0.31605.320
MinimumVisualStudioVersion = 10.0.40219.1
Project("{FAE04EC0-301F-11D3-BF4B-00C04F79EFBC}") = "AmorosRisk", "AmorosRisk\AmorosRisk.csproj", "{EFCBD4B4-9046-4E36-8170-A6E6C1452B96}"
EndProject
Global
	GlobalSection(SolutionConfigurationPlatforms) = preSolution
		Debug|Any CPU = Debug|Any CPU
		Release|Any CPU = Release|Any CPU
	EndGlobalSection
	GlobalSection(ProjectConfigurationPlatforms) = postSolution
		{EFCBD4B4-9046-4E36-8170-A6E6C1452B96}.Debug|Any CPU.ActiveCfg = Debug|Any CPU
		{EFCBD4B4-9046-4E36-8170-A6E6C1452B96}.Debug|Any CPU.Build.0 = Debug|Any CPU
		{EFCBD4B4-9046-4E36-8170-A6E6C1452B96}.Release|Any CPU.ActiveCfg = Release|Any CPU
		{EFCBD4B4-9046-4E36-8170-A6E6C1452B96}.Release|Any CPU.Build.0 = Release|Any CPU
	EndGlobalSection
	GlobalSection(SolutionProperties) = preSolution
		HideSolutionNode = FALSE
	EndGlobalSection
	GlobalSection(ExtensibilityGlobals) = postSolution
		SolutionGuid = {5E9DE3F6-F9B1-47E1-AB8D-1304314461BC}
	EndGlobalSection
EndGlobal
